// !$*UTF8*$!
{
	archiveVersion = 1;
	classes = {
	};
	objectVersion = 46;
	objects = {

/* Begin PBXBuildFile section */
		27D61F3819B58DB600284654 /* Foundation.framework in Frameworks */ = {isa = PBXBuildFile; fileRef = 27D61F3719B58DB600284654 /* Foundation.framework */; };
		27D61F3A19B58DB600284654 /* CoreGraphics.framework in Frameworks */ = {isa = PBXBuildFile; fileRef = 27D61F3919B58DB600284654 /* CoreGraphics.framework */; };
		27D61F3C19B58DB600284654 /* UIKit.framework in Frameworks */ = {isa = PBXBuildFile; fileRef = 27D61F3B19B58DB600284654 /* UIKit.framework */; };
		27D61F4219B58DB600284654 /* InfoPlist.strings in Resources */ = {isa = PBXBuildFile; fileRef = 27D61F4019B58DB600284654 /* InfoPlist.strings */; };
		27D61F4419B58DB600284654 /* main.m in Sources */ = {isa = PBXBuildFile; fileRef = 27D61F4319B58DB600284654 /* main.m */; };
		27D61F4819B58DB600284654 /* ITAppDelegate.m in Sources */ = {isa = PBXBuildFile; fileRef = 27D61F4719B58DB600284654 /* ITAppDelegate.m */; };
		27D61F4B19B58DB600284654 /* Main_iPhone.storyboard in Resources */ = {isa = PBXBuildFile; fileRef = 27D61F4919B58DB600284654 /* Main_iPhone.storyboard */; };
		27D61F4E19B58DB600284654 /* Main_iPad.storyboard in Resources */ = {isa = PBXBuildFile; fileRef = 27D61F4C19B58DB600284654 /* Main_iPad.storyboard */; };
		27D61F5119B58DB600284654 /* ITViewController.m in Sources */ = {isa = PBXBuildFile; fileRef = 27D61F5019B58DB600284654 /* ITViewController.m */; };
		27D61F5319B58DB600284654 /* Images.xcassets in Resources */ = {isa = PBXBuildFile; fileRef = 27D61F5219B58DB600284654 /* Images.xcassets */; };
		27D61F5A19B58DB600284654 /* XCTest.framework in Frameworks */ = {isa = PBXBuildFile; fileRef = 27D61F5919B58DB600284654 /* XCTest.framework */; };
		27D61F5B19B58DB600284654 /* Foundation.framework in Frameworks */ = {isa = PBXBuildFile; fileRef = 27D61F3719B58DB600284654 /* Foundation.framework */; };
		27D61F5C19B58DB600284654 /* UIKit.framework in Frameworks */ = {isa = PBXBuildFile; fileRef = 27D61F3B19B58DB600284654 /* UIKit.framework */; };
		27D61F6419B58DB600284654 /* InfoPlist.strings in Resources */ = {isa = PBXBuildFile; fileRef = 27D61F6219B58DB600284654 /* InfoPlist.strings */; };
		27D61F6619B58DB600284654 /* WEEK9Tests.m in Sources */ = {isa = PBXBuildFile; fileRef = 27D61F6519B58DB600284654 /* WEEK9Tests.m */; };
		27D61F7019B59B5E00284654 /* bookfile.txt in Resources */ = {isa = PBXBuildFile; fileRef = 27D61F6F19B59B5E00284654 /* bookfile.txt */; };
/* End PBXBuildFile section */

/* Begin PBXContainerItemProxy section */
		27D61F5D19B58DB600284654 /* PBXContainerItemProxy */ = {
			isa = PBXContainerItemProxy;
			containerPortal = 27D61F2C19B58DB600284654 /* Project object */;
			proxyType = 1;
			remoteGlobalIDString = 27D61F3319B58DB600284654;
			remoteInfo = WEEK9;
		};
/* End PBXContainerItemProxy section */

/* Begin PBXFileReference section */
		27D61F3419B58DB600284654 /* WEEK9.app */ = {isa = PBXFileReference; explicitFileType = wrapper.application; includeInIndex = 0; path = WEEK9.app; sourceTree = BUILT_PRODUCTS_DIR; };
		27D61F3719B58DB600284654 /* Foundation.framework */ = {isa = PBXFileReference; lastKnownFileType = wrapper.framework; name = Foundation.framework; path = System/Library/Frameworks/Foundation.framework; sourceTree = SDKROOT; };
		27D61F3919B58DB600284654 /* CoreGraphics.framework */ = {isa = PBXFileReference; lastKnownFileType = wrapper.framework; name = CoreGraphics.framework; path = System/Library/Frameworks/CoreGraphics.framework; sourceTree = SDKROOT; };
		27D61F3B19B58DB600284654 /* UIKit.framework */ = {isa = PBXFileReference; lastKnownFileType = wrapper.framework; name = UIKit.framework; path = System/Library/Frameworks/UIKit.framework; sourceTree = SDKROOT; };
		27D61F3F19B58DB600284654 /* WEEK9-Info.plist */ = {isa = PBXFileReference; lastKnownFileType = text.plist.xml; path = "WEEK9-Info.plist"; sourceTree = "<group>"; };
		27D61F4119B58DB600284654 /* en */ = {isa = PBXFileReference; lastKnownFileType = text.plist.strings; name = en; path = en.lproj/InfoPlist.strings; sourceTree = "<group>"; };
		27D61F4319B58DB600284654 /* main.m */ = {isa = PBXFileReference; lastKnownFileType = sourcecode.c.objc; path = main.m; sourceTree = "<group>"; };
		27D61F4519B58DB600284654 /* WEEK9-Prefix.pch */ = {isa = PBXFileReference; lastKnownFileType = sourcecode.c.h; path = "WEEK9-Prefix.pch"; sourceTree = "<group>"; };
		27D61F4619B58DB600284654 /* ITAppDelegate.h */ = {isa = PBXFileReference; lastKnownFileType = sourcecode.c.h; path = ITAppDelegate.h; sourceTree = "<group>"; };
		27D61F4719B58DB600284654 /* ITAppDelegate.m */ = {isa = PBXFileReference; lastKnownFileType = sourcecode.c.objc; path = ITAppDelegate.m; sourceTree = "<group>"; };
		27D61F4A19B58DB600284654 /* Base */ = {isa = PBXFileReference; lastKnownFileType = file.storyboard; name = Base; path = Base.lproj/Main_iPhone.storyboard; sourceTree = "<group>"; };
		27D61F4D19B58DB600284654 /* Base */ = {isa = PBXFileReference; lastKnownFileType = file.storyboard; name = Base; path = Base.lproj/Main_iPad.storyboard; sourceTree = "<group>"; };
		27D61F4F19B58DB600284654 /* ITViewController.h */ = {isa = PBXFileReference; lastKnownFileType = sourcecode.c.h; path = ITViewController.h; sourceTree = "<group>"; };
		27D61F5019B58DB600284654 /* ITViewController.m */ = {isa = PBXFileReference; lastKnownFileType = sourcecode.c.objc; path = ITViewController.m; sourceTree = "<group>"; };
		27D61F5219B58DB600284654 /* Images.xcassets */ = {isa = PBXFileReference; lastKnownFileType = folder.assetcatalog; path = Images.xcassets; sourceTree = "<group>"; };
		27D61F5819B58DB600284654 /* WEEK9Tests.xctest */ = {isa = PBXFileReference; explicitFileType = wrapper.cfbundle; includeInIndex = 0; path = WEEK9Tests.xctest; sourceTree = BUILT_PRODUCTS_DIR; };
		27D61F5919B58DB600284654 /* XCTest.framework */ = {isa = PBXFileReference; lastKnownFileType = wrapper.framework; name = XCTest.framework; path = Library/Frameworks/XCTest.framework; sourceTree = DEVELOPER_DIR; };
		27D61F6119B58DB600284654 /* WEEK9Tests-Info.plist */ = {isa = PBXFileReference; lastKnownFileType = text.plist.xml; path = "WEEK9Tests-Info.plist"; sourceTree = "<group>"; };
		27D61F6319B58DB600284654 /* en */ = {isa = PBXFileReference; lastKnownFileType = text.plist.strings; name = en; path = en.lproj/InfoPlist.strings; sourceTree = "<group>"; };
		27D61F6519B58DB600284654 /* WEEK9Tests.m */ = {isa = PBXFileReference; lastKnownFileType = sourcecode.c.objc; path = WEEK9Tests.m; sourceTree = "<group>"; };
		27D61F6F19B59B5E00284654 /* bookfile.txt */ = {isa = PBXFileReference; fileEncoding = 4; lastKnownFileType = text; path = bookfile.txt; sourceTree = "<group>"; };
/* End PBXFileReference section */

/* Begin PBXFrameworksBuildPhase section */
		27D61F3119B58DB600284654 /* Frameworks */ = {
			isa = PBXFrameworksBuildPhase;
			buildActionMask = 2147483647;
			files = (
				27D61F3A19B58DB600284654 /* CoreGraphics.framework in Frameworks */,
				27D61F3C19B58DB600284654 /* UIKit.framework in Frameworks */,
				27D61F3819B58DB600284654 /* Foundation.framework in Frameworks */,
			);
			runOnlyForDeploymentPostprocessing = 0;
		};
		27D61F5519B58DB600284654 /* Frameworks */ = {
			isa = PBXFrameworksBuildPhase;
			buildActionMask = 2147483647;
			files = (
				27D61F5A19B58DB600284654 /* XCTest.framework in Frameworks */,
				27D61F5C19B58DB600284654 /* UIKit.framework in Frameworks */,
				27D61F5B19B58DB600284654 /* Foundation.framework in Frameworks */,
			);
			runOnlyForDeploymentPostprocessing = 0;
		};
/* End PBXFrameworksBuildPhase section */

/* Begin PBXGroup section */
		27D61F2B19B58DB600284654 = {
			isa = PBXGroup;
			children = (
				27D61F3D19B58DB600284654 /* WEEK9 */,
				27D61F5F19B58DB600284654 /* WEEK9Tests */,
				27D61F3619B58DB600284654 /* Frameworks */,
				27D61F3519B58DB600284654 /* Products */,
			);
			sourceTree = "<group>";
		};
		27D61F3519B58DB600284654 /* Products */ = {
			isa = PBXGroup;
			children = (
				27D61F3419B58DB600284654 /* WEEK9.app */,
				27D61F5819B58DB600284654 /* WEEK9Tests.xctest */,
			);
			name = Products;
			sourceTree = "<group>";
		};
		27D61F3619B58DB600284654 /* Frameworks */ = {
			isa = PBXGroup;
			children = (
				27D61F3719B58DB600284654 /* Foundation.framework */,
				27D61F3919B58DB600284654 /* CoreGraphics.framework */,
				27D61F3B19B58DB600284654 /* UIKit.framework */,
				27D61F5919B58DB600284654 /* XCTest.framework */,
			);
			name = Frameworks;
			sourceTree = "<group>";
		};
		27D61F3D19B58DB600284654 /* WEEK9 */ = {
			isa = PBXGroup;
			children = (
				27D61F6F19B59B5E00284654 /* bookfile.txt */,
				27D61F4619B58DB600284654 /* ITAppDelegate.h */,
				27D61F4719B58DB600284654 /* ITAppDelegate.m */,
				27D61F4919B58DB600284654 /* Main_iPhone.storyboard */,
				27D61F4C19B58DB600284654 /* Main_iPad.storyboard */,
				27D61F4F19B58DB600284654 /* ITViewController.h */,
				27D61F5019B58DB600284654 /* ITViewController.m */,
				27D61F5219B58DB600284654 /* Images.xcassets */,
				27D61F3E19B58DB600284654 /* Supporting Files */,
			);
			path = WEEK9;
			sourceTree = "<group>";
		};
		27D61F3E19B58DB600284654 /* Supporting Files */ = {
			isa = PBXGroup;
			children = (
				27D61F3F19B58DB600284654 /* WEEK9-Info.plist */,
				27D61F4019B58DB600284654 /* InfoPlist.strings */,
				27D61F4319B58DB600284654 /* main.m */,
				27D61F4519B58DB600284654 /* WEEK9-Prefix.pch */,
			);
			name = "Supporting Files";
			sourceTree = "<group>";
		};
		27D61F5F19B58DB600284654 /* WEEK9Tests */ = {
			isa = PBXGroup;
			children = (
				27D61F6519B58DB600284654 /* WEEK9Tests.m */,
				27D61F6019B58DB600284654 /* Supporting Files */,
			);
			path = WEEK9Tests;
			sourceTree = "<group>";
		};
		27D61F6019B58DB600284654 /* Supporting Files */ = {
			isa = PBXGroup;
			children = (
				27D61F6119B58DB600284654 /* WEEK9Tests-Info.plist */,
				27D61F6219B58DB600284654 /* InfoPlist.strings */,
			);
			name = "Supporting Files";
			sourceTree = "<group>";
		};
/* End PBXGroup section */

/* Begin PBXNativeTarget section */
		27D61F3319B58DB600284654 /* WEEK9 */ = {
			isa = PBXNativeTarget;
			buildConfigurationList = 27D61F6919B58DB600284654 /* Build configuration list for PBXNativeTarget "WEEK9" */;
			buildPhases = (
				27D61F3019B58DB600284654 /* Sources */,
				27D61F3119B58DB600284654 /* Frameworks */,
				27D61F3219B58DB600284654 /* Resources */,
			);
			buildRules = (
			);
			dependencies = (
			);
			name = WEEK9;
			productName = WEEK9;
			productReference = 27D61F3419B58DB600284654 /* WEEK9.app */;
			productType = "com.apple.product-type.application";
		};
		27D61F5719B58DB600284654 /* WEEK9Tests */ = {
			isa = PBXNativeTarget;
			buildConfigurationList = 27D61F6C19B58DB600284654 /* Build configuration list for PBXNativeTarget "WEEK9Tests" */;
			buildPhases = (
				27D61F5419B58DB600284654 /* Sources */,
				27D61F5519B58DB600284654 /* Frameworks */,
				27D61F5619B58DB600284654 /* Resources */,
			);
			buildRules = (
			);
			dependencies = (
				27D61F5E19B58DB600284654 /* PBXTargetDependency */,
			);
			name = WEEK9Tests;
			productName = WEEK9Tests;
			productReference = 27D61F5819B58DB600284654 /* WEEK9Tests.xctest */;
			productType = "com.apple.product-type.bundle.unit-test";
		};
/* End PBXNativeTarget section */

/* Begin PBXProject section */
		27D61F2C19B58DB600284654 /* Project object */ = {
			isa = PBXProject;
			attributes = {
				CLASSPREFIX = IT;
				LastUpgradeCheck = 0510;
				ORGANIZATIONNAME = NEXT;
				TargetAttributes = {
					27D61F5719B58DB600284654 = {
						TestTargetID = 27D61F3319B58DB600284654;
					};
				};
			};
			buildConfigurationList = 27D61F2F19B58DB600284654 /* Build configuration list for PBXProject "WEEK9" */;
			compatibilityVersion = "Xcode 3.2";
			developmentRegion = English;
			hasScannedForEncodings = 0;
			knownRegions = (
				en,
				Base,
			);
			mainGroup = 27D61F2B19B58DB600284654;
			productRefGroup = 27D61F3519B58DB600284654 /* Products */;
			projectDirPath = "";
			projectRoot = "";
			targets = (
				27D61F3319B58DB600284654 /* WEEK9 */,
				27D61F5719B58DB600284654 /* WEEK9Tests */,
			);
		};
/* End PBXProject section */

/* Begin PBXResourcesBuildPhase section */
		27D61F3219B58DB600284654 /* Resources */ = {
			isa = PBXResourcesBuildPhase;
			buildActionMask = 2147483647;
			files = (
				27D61F4E19B58DB600284654 /* Main_iPad.storyboard in Resources */,
				27D61F5319B58DB600284654 /* Images.xcassets in Resources */,
				27D61F7019B59B5E00284654 /* bookfile.txt in Resources */,
				27D61F4B19B58DB600284654 /* Main_iPhone.storyboard in Resources */,
				27D61F4219B58DB600284654 /* InfoPlist.strings in Resources */,
			);
			runOnlyForDeploymentPostprocessing = 0;
		};
		27D61F5619B58DB600284654 /* Resources */ = {
			isa = PBXResourcesBuildPhase;
			buildActionMask = 2147483647;
			files = (
				27D61F6419B58DB600284654 /* InfoPlist.strings in Resources */,
			);
			runOnlyForDeploymentPostprocessing = 0;
		};
/* End PBXResourcesBuildPhase section */

/* Begin PBXSourcesBuildPhase section */
		27D61F3019B58DB600284654 /* Sources */ = {
			isa = PBXSourcesBuildPhase;
			buildActionMask = 2147483647;
			files = (
				27D61F4419B58DB600284654 /* main.m in Sources */,
				27D61F4819B58DB600284654 /* ITAppDelegate.m in Sources */,
				27D61F5119B58DB600284654 /* ITViewController.m in Sources */,
			);
			runOnlyForDeploymentPostprocessing = 0;
		};
		27D61F5419B58DB600284654 /* Sources */ = {
			isa = PBXSourcesBuildPhase;
			buildActionMask = 2147483647;
			files = (
				27D61F6619B58DB600284654 /* WEEK9Tests.m in Sources */,
			);
			runOnlyForDeploymentPostprocessing = 0;
		};
/* End PBXSourcesBuildPhase section */

/* Begin PBXTargetDependency section */
		27D61F5E19B58DB600284654 /* PBXTargetDependency */ = {
			isa = PBXTargetDependency;
			target = 27D61F3319B58DB600284654 /* WEEK9 */;
			targetProxy = 27D61F5D19B58DB600284654 /* PBXContainerItemProxy */;
		};
/* End PBXTargetDependency section */

/* Begin PBXVariantGroup section */
		27D61F4019B58DB600284654 /* InfoPlist.strings */ = {
			isa = PBXVariantGroup;
			children = (
				27D61F4119B58DB600284654 /* en */,
			);
			name = InfoPlist.strings;
			sourceTree = "<group>";
		};
		27D61F4919B58DB600284654 /* Main_iPhone.storyboard */ = {
			isa = PBXVariantGroup;
			children = (
				27D61F4A19B58DB600284654 /* Base */,
			);
			name = Main_iPhone.storyboard;
			sourceTree = "<group>";
		};
		27D61F4C19B58DB600284654 /* Main_iPad.storyboard */ = {
			isa = PBXVariantGroup;
			children = (
				27D61F4D19B58DB600284654 /* Base */,
			);
			name = Main_iPad.storyboard;
			sourceTree = "<group>";
		};
		27D61F6219B58DB600284654 /* InfoPlist.strings */ = {
			isa = PBXVariantGroup;
			children = (
				27D61F6319B58DB600284654 /* en */,
			);
			name = InfoPlist.strings;
			sourceTree = "<group>";
		};
/* End PBXVariantGroup section */

/* Begin XCBuildConfiguration section */
		27D61F6719B58DB600284654 /* Debug */ = {
			isa = XCBuildConfiguration;
			buildSettings = {
				ALWAYS_SEARCH_USER_PATHS = NO;
				CLANG_CXX_LANGUAGE_STANDARD = "gnu++0x";
				CLANG_CXX_LIBRARY = "libc++";
				CLANG_ENABLE_MODULES = YES;
				CLANG_ENABLE_OBJC_ARC = YES;
				CLANG_WARN_BOOL_CONVERSION = YES;
				CLANG_WARN_CONSTANT_CONVERSION = YES;
				CLANG_WARN_DIRECT_OBJC_ISA_USAGE = YES_ERROR;
				CLANG_WARN_EMPTY_BODY = YES;
				CLANG_WARN_ENUM_CONVERSION = YES;
				CLANG_WARN_INT_CONVERSION = YES;
				CLANG_WARN_OBJC_ROOT_CLASS = YES_ERROR;
				CLANG_WARN__DUPLICATE_METHOD_MATCH = YES;
				"CODE_SIGN_IDENTITY[sdk=iphoneos*]" = "iPhone Developer";
				COPY_PHASE_STRIP = NO;
				GCC_C_LANGUAGE_STANDARD = gnu99;
				GCC_DYNAMIC_NO_PIC = NO;
				GCC_OPTIMIZATION_LEVEL = 0;
				GCC_PREPROCESSOR_DEFINITIONS = (
					"DEBUG=1",
					"$(inherited)",
				);
				GCC_SYMBOLS_PRIVATE_EXTERN = NO;
				GCC_WARN_64_TO_32_BIT_CONVERSION = YES;
				GCC_WARN_ABOUT_RETURN_TYPE = YES_ERROR;
				GCC_WARN_UNDECLARED_SELECTOR = YES;
				GCC_WARN_UNINITIALIZED_AUTOS = YES_AGGRESSIVE;
				GCC_WARN_UNUSED_FUNCTION = YES;
				GCC_WARN_UNUSED_VARIABLE = YES;
				IPHONEOS_DEPLOYMENT_TARGET = 7.1;
				ONLY_ACTIVE_ARCH = YES;
				SDKROOT = iphoneos;
				TARGETED_DEVICE_FAMILY = "1,2";
			};
			name = Debug;
		};
		27D61F6819B58DB600284654 /* Release */ = {
			isa = XCBuildConfiguration;
			buildSettings = {
				ALWAYS_SEARCH_USER_PATHS = NO;
				CLANG_CXX_LANGUAGE_STANDARD = "gnu++0x";
				CLANG_CXX_LIBRARY = "libc++";
				CLANG_ENABLE_MODULES = YES;
				CLANG_ENABLE_OBJC_ARC = YES;
				CLANG_WARN_BOOL_CONVERSION = YES;
				CLANG_WARN_CONSTANT_CONVERSION = YES;
				CLANG_WARN_DIRECT_OBJC_ISA_USAGE = YES_ERROR;
				CLANG_WARN_EMPTY_BODY = YES;
				CLANG_WARN_ENUM_CONVERSION = YES;
				CLANG_WARN_INT_CONVERSION = YES;
				CLANG_WARN_OBJC_ROOT_CLASS = YES_ERROR;
				CLANG_WARN__DUPLICATE_METHOD_MATCH = YES;
				"CODE_SIGN_IDENTITY[sdk=iphoneos*]" = "iPhone Developer";
				COPY_PHASE_STRIP = YES;
				ENABLE_NS_ASSERTIONS = NO;
				GCC_C_LANGUAGE_STANDARD = gnu99;
				GCC_WARN_64_TO_32_BIT_CONVERSION = YES;
				GCC_WARN_ABOUT_RETURN_TYPE = YES_ERROR;
				GCC_WARN_UNDECLARED_SELECTOR = YES;
				GCC_WARN_UNINITIALIZED_AUTOS = YES_AGGRESSIVE;
				GCC_WARN_UNUSED_FUNCTION = YES;
				GCC_WARN_UNUSED_VARIABLE = YES;
				IPHONEOS_DEPLOYMENT_TARGET = 7.1;
				SDKROOT = iphoneos;
				TARGETED_DEVICE_FAMILY = "1,2";
				VALIDATE_PRODUCT = YES;
			};
			name = Release;
		};
		27D61F6A19B58DB600284654 /* Debug */ = {
			isa = XCBuildConfiguration;
			buildSettings = {
				ASSETCATALOG_COMPILER_APPICON_NAME = AppIcon;
				ASSETCATALOG_COMPILER_LAUNCHIMAGE_NAME = LaunchImage;
				GCC_PRECOMPILE_PREFIX_HEADER = YES;
				GCC_PREFIX_HEADER = "WEEK9/WEEK9-Prefix.pch";
				INFOPLIST_FILE = "WEEK9/WEEK9-Info.plist";
				PRODUCT_NAME = "$(TARGET_NAME)";
				WRAPPER_EXTENSION = app;
			};
			name = Debug;
		};
		27D61F6B19B58DB600284654 /* Release */ = {
			isa = XCBuildConfiguration;
			buildSettings = {
				ASSETCATALOG_COMPILER_APPICON_NAME = AppIcon;
				ASSETCATALOG_COMPILER_LAUNCHIMAGE_NAME = LaunchImage;
				GCC_PRECOMPILE_PREFIX_HEADER = YES;
				GCC_PREFIX_HEADER = "WEEK9/WEEK9-Prefix.pch";
				INFOPLIST_FILE = "WEEK9/WEEK9-Info.plist";
				PRODUCT_NAME = "$(TARGET_NAME)";
				WRAPPER_EXTENSION = app;
			};
			name = Release;
		};
		27D61F6D19B58DB600284654 /* Debug */ = {
			isa = XCBuildConfiguration;
			buildSettings = {
				BUNDLE_LOADER = "$(BUILT_PRODUCTS_DIR)/WEEK9.app/WEEK9";
				FRAMEWORK_SEARCH_PATHS = (
					"$(SDKROOT)/Developer/Library/Frameworks",
					"$(inherited)",
					"$(DEVELOPER_FRAMEWORKS_DIR)",
				);
				GCC_PRECOMPILE_PREFIX_HEADER = YES;
				GCC_PREFIX_HEADER = "WEEK9/WEEK9-Prefix.pch";
				GCC_PREPROCESSOR_DEFINITIONS = (
					"DEBUG=1",
					"$(inherited)",
				);
				INFOPLIST_FILE = "WEEK9Tests/WEEK9Tests-Info.plist";
				PRODUCT_NAME = "$(TARGET_NAME)";
				TEST_HOST = "$(BUNDLE_LOADER)";
				WRAPPER_EXTENSION = xctest;
			};
			name = Debug;
		};
		27D61F6E19B58DB600284654 /* Release */ = {
			isa = XCBuildConfiguration;
			buildSettings = {
				BUNDLE_LOADER = "$(BUILT_PRODUCTS_DIR)/WEEK9.app/WEEK9";
				FRAMEWORK_SEARCH_PATHS = (
					"$(SDKROOT)/Developer/Library/Frameworks",
					"$(inherited)",
					"$(DEVELOPER_FRAMEWORKS_DIR)",
				);
				GCC_PRECOMPILE_PREFIX_HEADER = YES;
				GCC_PREFIX_HEADER = "WEEK9/WEEK9-Prefix.pch";
				INFOPLIST_FILE = "WEEK9Tests/WEEK9Tests-Info.plist";
				PRODUCT_NAME = "$(TARGET_NAME)";
				TEST_HOST = "$(BUNDLE_LOADER)";
				WRAPPER_EXTENSION = xctest;
			};
			name = Release;
		};
/* End XCBuildConfiguration section */

/* Begin XCConfigurationList section */
		27D61F2F19B58DB600284654 /* Build configuration list for PBXProject "WEEK9" */ = {
			isa = XCConfigurationList;
			buildConfigurations = (
				27D61F6719B58DB600284654 /* Debug */,
				27D61F6819B58DB600284654 /* Release */,
			);
			defaultConfigurationIsVisible = 0;
			defaultConfigurationName = Release;
		};
		27D61F6919B58DB600284654 /* Build configuration list for PBXNativeTarget "WEEK9" */ = {
			isa = XCConfigurationList;
			buildConfigurations = (
				27D61F6A19B58DB600284654 /* Debug */,
				27D61F6B19B58DB600284654 /* Release */,
			);
			defaultConfigurationIsVisible = 0;
		};
		27D61F6C19B58DB600284654 /* Build configuration list for PBXNativeTarget "WEEK9Tests" */ = {
			isa = XCConfigurationList;
			buildConfigurations = (
				27D61F6D19B58DB600284654 /* Debug */,
				27D61F6E19B58DB600284654 /* Release */,
			);
			defaultConfigurationIsVisible = 0;
		};
/* End XCConfigurationList section */
	};
	rootObject = 27D61F2C19B58DB600284654 /* Project object */;
}
