// !$*UTF8*$!
{
	archiveVersion = 1;
	classes = {
	};
	objectVersion = 46;
	objects = {

/* Begin PBXBuildFile section */
		27B2268019A5C3DD0088785B /* Foundation.framework in Frameworks */ = {isa = PBXBuildFile; fileRef = 27B2267F19A5C3DD0088785B /* Foundation.framework */; };
		27B2268219A5C3DD0088785B /* CoreGraphics.framework in Frameworks */ = {isa = PBXBuildFile; fileRef = 27B2268119A5C3DD0088785B /* CoreGraphics.framework */; };
		27B2268419A5C3DD0088785B /* UIKit.framework in Frameworks */ = {isa = PBXBuildFile; fileRef = 27B2268319A5C3DD0088785B /* UIKit.framework */; };
		27B2268A19A5C3DD0088785B /* InfoPlist.strings in Resources */ = {isa = PBXBuildFile; fileRef = 27B2268819A5C3DD0088785B /* InfoPlist.strings */; };
		27B2268C19A5C3DD0088785B /* main.m in Sources */ = {isa = PBXBuildFile; fileRef = 27B2268B19A5C3DD0088785B /* main.m */; };
		27B2269019A5C3DD0088785B /* ITAppDelegate.m in Sources */ = {isa = PBXBuildFile; fileRef = 27B2268F19A5C3DD0088785B /* ITAppDelegate.m */; };
		27B2269319A5C3DD0088785B /* Main_iPhone.storyboard in Resources */ = {isa = PBXBuildFile; fileRef = 27B2269119A5C3DD0088785B /* Main_iPhone.storyboard */; };
		27B2269619A5C3DD0088785B /* Main_iPad.storyboard in Resources */ = {isa = PBXBuildFile; fileRef = 27B2269419A5C3DD0088785B /* Main_iPad.storyboard */; };
		27B2269919A5C3DD0088785B /* ITMasterViewController.m in Sources */ = {isa = PBXBuildFile; fileRef = 27B2269819A5C3DD0088785B /* ITMasterViewController.m */; };
		27B2269C19A5C3DD0088785B /* ITDetailViewController.m in Sources */ = {isa = PBXBuildFile; fileRef = 27B2269B19A5C3DD0088785B /* ITDetailViewController.m */; };
		27B2269E19A5C3DD0088785B /* Images.xcassets in Resources */ = {isa = PBXBuildFile; fileRef = 27B2269D19A5C3DD0088785B /* Images.xcassets */; };
		27B226A519A5C3DD0088785B /* XCTest.framework in Frameworks */ = {isa = PBXBuildFile; fileRef = 27B226A419A5C3DD0088785B /* XCTest.framework */; };
		27B226A619A5C3DD0088785B /* Foundation.framework in Frameworks */ = {isa = PBXBuildFile; fileRef = 27B2267F19A5C3DD0088785B /* Foundation.framework */; };
		27B226A719A5C3DD0088785B /* UIKit.framework in Frameworks */ = {isa = PBXBuildFile; fileRef = 27B2268319A5C3DD0088785B /* UIKit.framework */; };
		27B226AF19A5C3DD0088785B /* InfoPlist.strings in Resources */ = {isa = PBXBuildFile; fileRef = 27B226AD19A5C3DD0088785B /* InfoPlist.strings */; };
		27B226B119A5C3DD0088785B /* WEEK7Tests.m in Sources */ = {isa = PBXBuildFile; fileRef = 27B226B019A5C3DD0088785B /* WEEK7Tests.m */; };
/* End PBXBuildFile section */

/* Begin PBXContainerItemProxy section */
		27B226A819A5C3DD0088785B /* PBXContainerItemProxy */ = {
			isa = PBXContainerItemProxy;
			containerPortal = 27B2267419A5C3DD0088785B /* Project object */;
			proxyType = 1;
			remoteGlobalIDString = 27B2267B19A5C3DD0088785B;
			remoteInfo = WEEK7;
		};
/* End PBXContainerItemProxy section */

/* Begin PBXFileReference section */
		27B2267C19A5C3DD0088785B /* WEEK7.app */ = {isa = PBXFileReference; explicitFileType = wrapper.application; includeInIndex = 0; path = WEEK7.app; sourceTree = BUILT_PRODUCTS_DIR; };
		27B2267F19A5C3DD0088785B /* Foundation.framework */ = {isa = PBXFileReference; lastKnownFileType = wrapper.framework; name = Foundation.framework; path = System/Library/Frameworks/Foundation.framework; sourceTree = SDKROOT; };
		27B2268119A5C3DD0088785B /* CoreGraphics.framework */ = {isa = PBXFileReference; lastKnownFileType = wrapper.framework; name = CoreGraphics.framework; path = System/Library/Frameworks/CoreGraphics.framework; sourceTree = SDKROOT; };
		27B2268319A5C3DD0088785B /* UIKit.framework */ = {isa = PBXFileReference; lastKnownFileType = wrapper.framework; name = UIKit.framework; path = System/Library/Frameworks/UIKit.framework; sourceTree = SDKROOT; };
		27B2268719A5C3DD0088785B /* WEEK7-Info.plist */ = {isa = PBXFileReference; lastKnownFileType = text.plist.xml; path = "WEEK7-Info.plist"; sourceTree = "<group>"; };
		27B2268919A5C3DD0088785B /* en */ = {isa = PBXFileReference; lastKnownFileType = text.plist.strings; name = en; path = en.lproj/InfoPlist.strings; sourceTree = "<group>"; };
		27B2268B19A5C3DD0088785B /* main.m */ = {isa = PBXFileReference; lastKnownFileType = sourcecode.c.objc; path = main.m; sourceTree = "<group>"; };
		27B2268D19A5C3DD0088785B /* WEEK7-Prefix.pch */ = {isa = PBXFileReference; lastKnownFileType = sourcecode.c.h; path = "WEEK7-Prefix.pch"; sourceTree = "<group>"; };
		27B2268E19A5C3DD0088785B /* ITAppDelegate.h */ = {isa = PBXFileReference; lastKnownFileType = sourcecode.c.h; path = ITAppDelegate.h; sourceTree = "<group>"; };
		27B2268F19A5C3DD0088785B /* ITAppDelegate.m */ = {isa = PBXFileReference; lastKnownFileType = sourcecode.c.objc; path = ITAppDelegate.m; sourceTree = "<group>"; };
		27B2269219A5C3DD0088785B /* Base */ = {isa = PBXFileReference; lastKnownFileType = file.storyboard; name = Base; path = Base.lproj/Main_iPhone.storyboard; sourceTree = "<group>"; };
		27B2269519A5C3DD0088785B /* Base */ = {isa = PBXFileReference; lastKnownFileType = file.storyboard; name = Base; path = Base.lproj/Main_iPad.storyboard; sourceTree = "<group>"; };
		27B2269719A5C3DD0088785B /* ITMasterViewController.h */ = {isa = PBXFileReference; lastKnownFileType = sourcecode.c.h; path = ITMasterViewController.h; sourceTree = "<group>"; };
		27B2269819A5C3DD0088785B /* ITMasterViewController.m */ = {isa = PBXFileReference; lastKnownFileType = sourcecode.c.objc; path = ITMasterViewController.m; sourceTree = "<group>"; };
		27B2269A19A5C3DD0088785B /* ITDetailViewController.h */ = {isa = PBXFileReference; lastKnownFileType = sourcecode.c.h; path = ITDetailViewController.h; sourceTree = "<group>"; };
		27B2269B19A5C3DD0088785B /* ITDetailViewController.m */ = {isa = PBXFileReference; lastKnownFileType = sourcecode.c.objc; path = ITDetailViewController.m; sourceTree = "<group>"; };
		27B2269D19A5C3DD0088785B /* Images.xcassets */ = {isa = PBXFileReference; lastKnownFileType = folder.assetcatalog; path = Images.xcassets; sourceTree = "<group>"; };
		27B226A319A5C3DD0088785B /* WEEK7Tests.xctest */ = {isa = PBXFileReference; explicitFileType = wrapper.cfbundle; includeInIndex = 0; path = WEEK7Tests.xctest; sourceTree = BUILT_PRODUCTS_DIR; };
		27B226A419A5C3DD0088785B /* XCTest.framework */ = {isa = PBXFileReference; lastKnownFileType = wrapper.framework; name = XCTest.framework; path = Library/Frameworks/XCTest.framework; sourceTree = DEVELOPER_DIR; };
		27B226AC19A5C3DD0088785B /* WEEK7Tests-Info.plist */ = {isa = PBXFileReference; lastKnownFileType = text.plist.xml; path = "WEEK7Tests-Info.plist"; sourceTree = "<group>"; };
		27B226AE19A5C3DD0088785B /* en */ = {isa = PBXFileReference; lastKnownFileType = text.plist.strings; name = en; path = en.lproj/InfoPlist.strings; sourceTree = "<group>"; };
		27B226B019A5C3DD0088785B /* WEEK7Tests.m */ = {isa = PBXFileReference; lastKnownFileType = sourcecode.c.objc; path = WEEK7Tests.m; sourceTree = "<group>"; };
/* End PBXFileReference section */

/* Begin PBXFrameworksBuildPhase section */
		27B2267919A5C3DD0088785B /* Frameworks */ = {
			isa = PBXFrameworksBuildPhase;
			buildActionMask = 2147483647;
			files = (
				27B2268219A5C3DD0088785B /* CoreGraphics.framework in Frameworks */,
				27B2268419A5C3DD0088785B /* UIKit.framework in Frameworks */,
				27B2268019A5C3DD0088785B /* Foundation.framework in Frameworks */,
			);
			runOnlyForDeploymentPostprocessing = 0;
		};
		27B226A019A5C3DD0088785B /* Frameworks */ = {
			isa = PBXFrameworksBuildPhase;
			buildActionMask = 2147483647;
			files = (
				27B226A519A5C3DD0088785B /* XCTest.framework in Frameworks */,
				27B226A719A5C3DD0088785B /* UIKit.framework in Frameworks */,
				27B226A619A5C3DD0088785B /* Foundation.framework in Frameworks */,
			);
			runOnlyForDeploymentPostprocessing = 0;
		};
/* End PBXFrameworksBuildPhase section */

/* Begin PBXGroup section */
		27B2267319A5C3DD0088785B = {
			isa = PBXGroup;
			children = (
				27B2268519A5C3DD0088785B /* WEEK7 */,
				27B226AA19A5C3DD0088785B /* WEEK7Tests */,
				27B2267E19A5C3DD0088785B /* Frameworks */,
				27B2267D19A5C3DD0088785B /* Products */,
			);
			sourceTree = "<group>";
		};
		27B2267D19A5C3DD0088785B /* Products */ = {
			isa = PBXGroup;
			children = (
				27B2267C19A5C3DD0088785B /* WEEK7.app */,
				27B226A319A5C3DD0088785B /* WEEK7Tests.xctest */,
			);
			name = Products;
			sourceTree = "<group>";
		};
		27B2267E19A5C3DD0088785B /* Frameworks */ = {
			isa = PBXGroup;
			children = (
				27B2267F19A5C3DD0088785B /* Foundation.framework */,
				27B2268119A5C3DD0088785B /* CoreGraphics.framework */,
				27B2268319A5C3DD0088785B /* UIKit.framework */,
				27B226A419A5C3DD0088785B /* XCTest.framework */,
			);
			name = Frameworks;
			sourceTree = "<group>";
		};
		27B2268519A5C3DD0088785B /* WEEK7 */ = {
			isa = PBXGroup;
			children = (
				27B2268E19A5C3DD0088785B /* ITAppDelegate.h */,
				27B2268F19A5C3DD0088785B /* ITAppDelegate.m */,
				27B2269119A5C3DD0088785B /* Main_iPhone.storyboard */,
				27B2269419A5C3DD0088785B /* Main_iPad.storyboard */,
				27B2269719A5C3DD0088785B /* ITMasterViewController.h */,
				27B2269819A5C3DD0088785B /* ITMasterViewController.m */,
				27B2269A19A5C3DD0088785B /* ITDetailViewController.h */,
				27B2269B19A5C3DD0088785B /* ITDetailViewController.m */,
				27B2269D19A5C3DD0088785B /* Images.xcassets */,
				27B2268619A5C3DD0088785B /* Supporting Files */,
			);
			path = WEEK7;
			sourceTree = "<group>";
		};
		27B2268619A5C3DD0088785B /* Supporting Files */ = {
			isa = PBXGroup;
			children = (
				27B2268719A5C3DD0088785B /* WEEK7-Info.plist */,
				27B2268819A5C3DD0088785B /* InfoPlist.strings */,
				27B2268B19A5C3DD0088785B /* main.m */,
				27B2268D19A5C3DD0088785B /* WEEK7-Prefix.pch */,
			);
			name = "Supporting Files";
			sourceTree = "<group>";
		};
		27B226AA19A5C3DD0088785B /* WEEK7Tests */ = {
			isa = PBXGroup;
			children = (
				27B226B019A5C3DD0088785B /* WEEK7Tests.m */,
				27B226AB19A5C3DD0088785B /* Supporting Files */,
			);
			path = WEEK7Tests;
			sourceTree = "<group>";
		};
		27B226AB19A5C3DD0088785B /* Supporting Files */ = {
			isa = PBXGroup;
			children = (
				27B226AC19A5C3DD0088785B /* WEEK7Tests-Info.plist */,
				27B226AD19A5C3DD0088785B /* InfoPlist.strings */,
			);
			name = "Supporting Files";
			sourceTree = "<group>";
		};
/* End PBXGroup section */

/* Begin PBXNativeTarget section */
		27B2267B19A5C3DD0088785B /* WEEK7 */ = {
			isa = PBXNativeTarget;
			buildConfigurationList = 27B226B419A5C3DD0088785B /* Build configuration list for PBXNativeTarget "WEEK7" */;
			buildPhases = (
				27B2267819A5C3DD0088785B /* Sources */,
				27B2267919A5C3DD0088785B /* Frameworks */,
				27B2267A19A5C3DD0088785B /* Resources */,
			);
			buildRules = (
			);
			dependencies = (
			);
			name = WEEK7;
			productName = WEEK7;
			productReference = 27B2267C19A5C3DD0088785B /* WEEK7.app */;
			productType = "com.apple.product-type.application";
		};
		27B226A219A5C3DD0088785B /* WEEK7Tests */ = {
			isa = PBXNativeTarget;
			buildConfigurationList = 27B226B719A5C3DD0088785B /* Build configuration list for PBXNativeTarget "WEEK7Tests" */;
			buildPhases = (
				27B2269F19A5C3DD0088785B /* Sources */,
				27B226A019A5C3DD0088785B /* Frameworks */,
				27B226A119A5C3DD0088785B /* Resources */,
			);
			buildRules = (
			);
			dependencies = (
				27B226A919A5C3DD0088785B /* PBXTargetDependency */,
			);
			name = WEEK7Tests;
			productName = WEEK7Tests;
			productReference = 27B226A319A5C3DD0088785B /* WEEK7Tests.xctest */;
			productType = "com.apple.product-type.bundle.unit-test";
		};
/* End PBXNativeTarget section */

/* Begin PBXProject section */
		27B2267419A5C3DD0088785B /* Project object */ = {
			isa = PBXProject;
			attributes = {
				CLASSPREFIX = IT;
				LastUpgradeCheck = 0510;
				ORGANIZATIONNAME = NEXT;
				TargetAttributes = {
					27B226A219A5C3DD0088785B = {
						TestTargetID = 27B2267B19A5C3DD0088785B;
					};
				};
			};
			buildConfigurationList = 27B2267719A5C3DD0088785B /* Build configuration list for PBXProject "WEEK7" */;
			compatibilityVersion = "Xcode 3.2";
			developmentRegion = English;
			hasScannedForEncodings = 0;
			knownRegions = (
				en,
				Base,
			);
			mainGroup = 27B2267319A5C3DD0088785B;
			productRefGroup = 27B2267D19A5C3DD0088785B /* Products */;
			projectDirPath = "";
			projectRoot = "";
			targets = (
				27B2267B19A5C3DD0088785B /* WEEK7 */,
				27B226A219A5C3DD0088785B /* WEEK7Tests */,
			);
		};
/* End PBXProject section */

/* Begin PBXResourcesBuildPhase section */
		27B2267A19A5C3DD0088785B /* Resources */ = {
			isa = PBXResourcesBuildPhase;
			buildActionMask = 2147483647;
			files = (
				27B2269619A5C3DD0088785B /* Main_iPad.storyboard in Resources */,
				27B2269E19A5C3DD0088785B /* Images.xcassets in Resources */,
				27B2269319A5C3DD0088785B /* Main_iPhone.storyboard in Resources */,
				27B2268A19A5C3DD0088785B /* InfoPlist.strings in Resources */,
			);
			runOnlyForDeploymentPostprocessing = 0;
		};
		27B226A119A5C3DD0088785B /* Resources */ = {
			isa = PBXResourcesBuildPhase;
			buildActionMask = 2147483647;
			files = (
				27B226AF19A5C3DD0088785B /* InfoPlist.strings in Resources */,
			);
			runOnlyForDeploymentPostprocessing = 0;
		};
/* End PBXResourcesBuildPhase section */

/* Begin PBXSourcesBuildPhase section */
		27B2267819A5C3DD0088785B /* Sources */ = {
			isa = PBXSourcesBuildPhase;
			buildActionMask = 2147483647;
			files = (
				27B2269919A5C3DD0088785B /* ITMasterViewController.m in Sources */,
				27B2268C19A5C3DD0088785B /* main.m in Sources */,
				27B2269C19A5C3DD0088785B /* ITDetailViewController.m in Sources */,
				27B2269019A5C3DD0088785B /* ITAppDelegate.m in Sources */,
			);
			runOnlyForDeploymentPostprocessing = 0;
		};
		27B2269F19A5C3DD0088785B /* Sources */ = {
			isa = PBXSourcesBuildPhase;
			buildActionMask = 2147483647;
			files = (
				27B226B119A5C3DD0088785B /* WEEK7Tests.m in Sources */,
			);
			runOnlyForDeploymentPostprocessing = 0;
		};
/* End PBXSourcesBuildPhase section */

/* Begin PBXTargetDependency section */
		27B226A919A5C3DD0088785B /* PBXTargetDependency */ = {
			isa = PBXTargetDependency;
			target = 27B2267B19A5C3DD0088785B /* WEEK7 */;
			targetProxy = 27B226A819A5C3DD0088785B /* PBXContainerItemProxy */;
		};
/* End PBXTargetDependency section */

/* Begin PBXVariantGroup section */
		27B2268819A5C3DD0088785B /* InfoPlist.strings */ = {
			isa = PBXVariantGroup;
			children = (
				27B2268919A5C3DD0088785B /* en */,
			);
			name = InfoPlist.strings;
			sourceTree = "<group>";
		};
		27B2269119A5C3DD0088785B /* Main_iPhone.storyboard */ = {
			isa = PBXVariantGroup;
			children = (
				27B2269219A5C3DD0088785B /* Base */,
			);
			name = Main_iPhone.storyboard;
			sourceTree = "<group>";
		};
		27B2269419A5C3DD0088785B /* Main_iPad.storyboard */ = {
			isa = PBXVariantGroup;
			children = (
				27B2269519A5C3DD0088785B /* Base */,
			);
			name = Main_iPad.storyboard;
			sourceTree = "<group>";
		};
		27B226AD19A5C3DD0088785B /* InfoPlist.strings */ = {
			isa = PBXVariantGroup;
			children = (
				27B226AE19A5C3DD0088785B /* en */,
			);
			name = InfoPlist.strings;
			sourceTree = "<group>";
		};
/* End PBXVariantGroup section */

/* Begin XCBuildConfiguration section */
		27B226B219A5C3DD0088785B /* Debug */ = {
			isa = XCBuildConfiguration;
			buildSettings = {
				ALWAYS_SEARCH_USER_PATHS = NO;
				CLANG_CXX_LANGUAGE_STANDARD = "gnu++0x";
				CLANG_CXX_LIBRARY = "libc++";
				CLANG_ENABLE_MODULES = YES;
				CLANG_ENABLE_OBJC_ARC = YES;
				CLANG_WARN_BOOL_CONVERSION = YES;
				CLANG_WARN_CONSTANT_CONVERSION = YES;
				CLANG_WARN_DIRECT_OBJC_ISA_USAGE = YES_ERROR;
				CLANG_WARN_EMPTY_BODY = YES;
				CLANG_WARN_ENUM_CONVERSION = YES;
				CLANG_WARN_INT_CONVERSION = YES;
				CLANG_WARN_OBJC_ROOT_CLASS = YES_ERROR;
				CLANG_WARN__DUPLICATE_METHOD_MATCH = YES;
				"CODE_SIGN_IDENTITY[sdk=iphoneos*]" = "iPhone Developer";
				COPY_PHASE_STRIP = NO;
				GCC_C_LANGUAGE_STANDARD = gnu99;
				GCC_DYNAMIC_NO_PIC = NO;
				GCC_OPTIMIZATION_LEVEL = 0;
				GCC_PREPROCESSOR_DEFINITIONS = (
					"DEBUG=1",
					"$(inherited)",
				);
				GCC_SYMBOLS_PRIVATE_EXTERN = NO;
				GCC_WARN_64_TO_32_BIT_CONVERSION = YES;
				GCC_WARN_ABOUT_RETURN_TYPE = YES_ERROR;
				GCC_WARN_UNDECLARED_SELECTOR = YES;
				GCC_WARN_UNINITIALIZED_AUTOS = YES_AGGRESSIVE;
				GCC_WARN_UNUSED_FUNCTION = YES;
				GCC_WARN_UNUSED_VARIABLE = YES;
				IPHONEOS_DEPLOYMENT_TARGET = 7.1;
				ONLY_ACTIVE_ARCH = YES;
				SDKROOT = iphoneos;
				TARGETED_DEVICE_FAMILY = "1,2";
			};
			name = Debug;
		};
		27B226B319A5C3DD0088785B /* Release */ = {
			isa = XCBuildConfiguration;
			buildSettings = {
				ALWAYS_SEARCH_USER_PATHS = NO;
				CLANG_CXX_LANGUAGE_STANDARD = "gnu++0x";
				CLANG_CXX_LIBRARY = "libc++";
				CLANG_ENABLE_MODULES = YES;
				CLANG_ENABLE_OBJC_ARC = YES;
				CLANG_WARN_BOOL_CONVERSION = YES;
				CLANG_WARN_CONSTANT_CONVERSION = YES;
				CLANG_WARN_DIRECT_OBJC_ISA_USAGE = YES_ERROR;
				CLANG_WARN_EMPTY_BODY = YES;
				CLANG_WARN_ENUM_CONVERSION = YES;
				CLANG_WARN_INT_CONVERSION = YES;
				CLANG_WARN_OBJC_ROOT_CLASS = YES_ERROR;
				CLANG_WARN__DUPLICATE_METHOD_MATCH = YES;
				"CODE_SIGN_IDENTITY[sdk=iphoneos*]" = "iPhone Developer";
				COPY_PHASE_STRIP = YES;
				ENABLE_NS_ASSERTIONS = NO;
				GCC_C_LANGUAGE_STANDARD = gnu99;
				GCC_WARN_64_TO_32_BIT_CONVERSION = YES;
				GCC_WARN_ABOUT_RETURN_TYPE = YES_ERROR;
				GCC_WARN_UNDECLARED_SELECTOR = YES;
				GCC_WARN_UNINITIALIZED_AUTOS = YES_AGGRESSIVE;
				GCC_WARN_UNUSED_FUNCTION = YES;
				GCC_WARN_UNUSED_VARIABLE = YES;
				IPHONEOS_DEPLOYMENT_TARGET = 7.1;
				SDKROOT = iphoneos;
				TARGETED_DEVICE_FAMILY = "1,2";
				VALIDATE_PRODUCT = YES;
			};
			name = Release;
		};
		27B226B519A5C3DD0088785B /* Debug */ = {
			isa = XCBuildConfiguration;
			buildSettings = {
				ASSETCATALOG_COMPILER_APPICON_NAME = AppIcon;
				ASSETCATALOG_COMPILER_LAUNCHIMAGE_NAME = LaunchImage;
				GCC_PRECOMPILE_PREFIX_HEADER = YES;
				GCC_PREFIX_HEADER = "WEEK7/WEEK7-Prefix.pch";
				INFOPLIST_FILE = "WEEK7/WEEK7-Info.plist";
				PRODUCT_NAME = "$(TARGET_NAME)";
				WRAPPER_EXTENSION = app;
			};
			name = Debug;
		};
		27B226B619A5C3DD0088785B /* Release */ = {
			isa = XCBuildConfiguration;
			buildSettings = {
				ASSETCATALOG_COMPILER_APPICON_NAME = AppIcon;
				ASSETCATALOG_COMPILER_LAUNCHIMAGE_NAME = LaunchImage;
				GCC_PRECOMPILE_PREFIX_HEADER = YES;
				GCC_PREFIX_HEADER = "WEEK7/WEEK7-Prefix.pch";
				INFOPLIST_FILE = "WEEK7/WEEK7-Info.plist";
				PRODUCT_NAME = "$(TARGET_NAME)";
				WRAPPER_EXTENSION = app;
			};
			name = Release;
		};
		27B226B819A5C3DD0088785B /* Debug */ = {
			isa = XCBuildConfiguration;
			buildSettings = {
				BUNDLE_LOADER = "$(BUILT_PRODUCTS_DIR)/WEEK7.app/WEEK7";
				FRAMEWORK_SEARCH_PATHS = (
					"$(SDKROOT)/Developer/Library/Frameworks",
					"$(inherited)",
					"$(DEVELOPER_FRAMEWORKS_DIR)",
				);
				GCC_PRECOMPILE_PREFIX_HEADER = YES;
				GCC_PREFIX_HEADER = "WEEK7/WEEK7-Prefix.pch";
				GCC_PREPROCESSOR_DEFINITIONS = (
					"DEBUG=1",
					"$(inherited)",
				);
				INFOPLIST_FILE = "WEEK7Tests/WEEK7Tests-Info.plist";
				PRODUCT_NAME = "$(TARGET_NAME)";
				TEST_HOST = "$(BUNDLE_LOADER)";
				WRAPPER_EXTENSION = xctest;
			};
			name = Debug;
		};
		27B226B919A5C3DD0088785B /* Release */ = {
			isa = XCBuildConfiguration;
			buildSettings = {
				BUNDLE_LOADER = "$(BUILT_PRODUCTS_DIR)/WEEK7.app/WEEK7";
				FRAMEWORK_SEARCH_PATHS = (
					"$(SDKROOT)/Developer/Library/Frameworks",
					"$(inherited)",
					"$(DEVELOPER_FRAMEWORKS_DIR)",
				);
				GCC_PRECOMPILE_PREFIX_HEADER = YES;
				GCC_PREFIX_HEADER = "WEEK7/WEEK7-Prefix.pch";
				INFOPLIST_FILE = "WEEK7Tests/WEEK7Tests-Info.plist";
				PRODUCT_NAME = "$(TARGET_NAME)";
				TEST_HOST = "$(BUNDLE_LOADER)";
				WRAPPER_EXTENSION = xctest;
			};
			name = Release;
		};
/* End XCBuildConfiguration section */

/* Begin XCConfigurationList section */
		27B2267719A5C3DD0088785B /* Build configuration list for PBXProject "WEEK7" */ = {
			isa = XCConfigurationList;
			buildConfigurations = (
				27B226B219A5C3DD0088785B /* Debug */,
				27B226B319A5C3DD0088785B /* Release */,
			);
			defaultConfigurationIsVisible = 0;
			defaultConfigurationName = Release;
		};
		27B226B419A5C3DD0088785B /* Build configuration list for PBXNativeTarget "WEEK7" */ = {
			isa = XCConfigurationList;
			buildConfigurations = (
				27B226B519A5C3DD0088785B /* Debug */,
				27B226B619A5C3DD0088785B /* Release */,
			);
			defaultConfigurationIsVisible = 0;
		};
		27B226B719A5C3DD0088785B /* Build configuration list for PBXNativeTarget "WEEK7Tests" */ = {
			isa = XCConfigurationList;
			buildConfigurations = (
				27B226B819A5C3DD0088785B /* Debug */,
				27B226B919A5C3DD0088785B /* Release */,
			);
			defaultConfigurationIsVisible = 0;
		};
/* End XCConfigurationList section */
	};
	rootObject = 27B2267419A5C3DD0088785B /* Project object */;
}
