// !$*UTF8*$!
{
	archiveVersion = 1;
	classes = {
	};
	objectVersion = 46;
	objects = {

/* Begin PBXBuildFile section */
		272B590219F8F5F3005D7F36 /* main.m in Sources */ = {isa = PBXBuildFile; fileRef = 272B590119F8F5F3005D7F36 /* main.m */; };
		272B590519F8F5F3005D7F36 /* AppDelegate.m in Sources */ = {isa = PBXBuildFile; fileRef = 272B590419F8F5F3005D7F36 /* AppDelegate.m */; };
		272B590819F8F5F3005D7F36 /* ViewController.m in Sources */ = {isa = PBXBuildFile; fileRef = 272B590719F8F5F3005D7F36 /* ViewController.m */; };
		272B590B19F8F5F3005D7F36 /* Main.storyboard in Resources */ = {isa = PBXBuildFile; fileRef = 272B590919F8F5F3005D7F36 /* Main.storyboard */; };
		272B590D19F8F5F3005D7F36 /* Images.xcassets in Resources */ = {isa = PBXBuildFile; fileRef = 272B590C19F8F5F3005D7F36 /* Images.xcassets */; };
		272B591019F8F5F3005D7F36 /* LaunchScreen.xib in Resources */ = {isa = PBXBuildFile; fileRef = 272B590E19F8F5F3005D7F36 /* LaunchScreen.xib */; };
		272B591C19F8F5F3005D7F36 /* adv_WEEK2_missionTests.m in Sources */ = {isa = PBXBuildFile; fileRef = 272B591B19F8F5F3005D7F36 /* adv_WEEK2_missionTests.m */; };
/* End PBXBuildFile section */

/* Begin PBXContainerItemProxy section */
		272B591619F8F5F3005D7F36 /* PBXContainerItemProxy */ = {
			isa = PBXContainerItemProxy;
			containerPortal = 272B58F419F8F5F3005D7F36 /* Project object */;
			proxyType = 1;
			remoteGlobalIDString = 272B58FB19F8F5F3005D7F36;
			remoteInfo = "adv-WEEK2-mission";
		};
/* End PBXContainerItemProxy section */

/* Begin PBXFileReference section */
		272B58FC19F8F5F3005D7F36 /* adv-WEEK2-mission.app */ = {isa = PBXFileReference; explicitFileType = wrapper.application; includeInIndex = 0; path = "adv-WEEK2-mission.app"; sourceTree = BUILT_PRODUCTS_DIR; };
		272B590019F8F5F3005D7F36 /* Info.plist */ = {isa = PBXFileReference; lastKnownFileType = text.plist.xml; path = Info.plist; sourceTree = "<group>"; };
		272B590119F8F5F3005D7F36 /* main.m */ = {isa = PBXFileReference; lastKnownFileType = sourcecode.c.objc; path = main.m; sourceTree = "<group>"; };
		272B590319F8F5F3005D7F36 /* AppDelegate.h */ = {isa = PBXFileReference; lastKnownFileType = sourcecode.c.h; path = AppDelegate.h; sourceTree = "<group>"; };
		272B590419F8F5F3005D7F36 /* AppDelegate.m */ = {isa = PBXFileReference; lastKnownFileType = sourcecode.c.objc; path = AppDelegate.m; sourceTree = "<group>"; };
		272B590619F8F5F3005D7F36 /* ViewController.h */ = {isa = PBXFileReference; lastKnownFileType = sourcecode.c.h; path = ViewController.h; sourceTree = "<group>"; };
		272B590719F8F5F3005D7F36 /* ViewController.m */ = {isa = PBXFileReference; lastKnownFileType = sourcecode.c.objc; path = ViewController.m; sourceTree = "<group>"; };
		272B590A19F8F5F3005D7F36 /* Base */ = {isa = PBXFileReference; lastKnownFileType = file.storyboard; name = Base; path = Base.lproj/Main.storyboard; sourceTree = "<group>"; };
		272B590C19F8F5F3005D7F36 /* Images.xcassets */ = {isa = PBXFileReference; lastKnownFileType = folder.assetcatalog; path = Images.xcassets; sourceTree = "<group>"; };
		272B590F19F8F5F3005D7F36 /* Base */ = {isa = PBXFileReference; lastKnownFileType = file.xib; name = Base; path = Base.lproj/LaunchScreen.xib; sourceTree = "<group>"; };
		272B591519F8F5F3005D7F36 /* adv-WEEK2-missionTests.xctest */ = {isa = PBXFileReference; explicitFileType = wrapper.cfbundle; includeInIndex = 0; path = "adv-WEEK2-missionTests.xctest"; sourceTree = BUILT_PRODUCTS_DIR; };
		272B591A19F8F5F3005D7F36 /* Info.plist */ = {isa = PBXFileReference; lastKnownFileType = text.plist.xml; path = Info.plist; sourceTree = "<group>"; };
		272B591B19F8F5F3005D7F36 /* adv_WEEK2_missionTests.m */ = {isa = PBXFileReference; lastKnownFileType = sourcecode.c.objc; path = adv_WEEK2_missionTests.m; sourceTree = "<group>"; };
/* End PBXFileReference section */

/* Begin PBXFrameworksBuildPhase section */
		272B58F919F8F5F3005D7F36 /* Frameworks */ = {
			isa = PBXFrameworksBuildPhase;
			buildActionMask = 2147483647;
			files = (
			);
			runOnlyForDeploymentPostprocessing = 0;
		};
		272B591219F8F5F3005D7F36 /* Frameworks */ = {
			isa = PBXFrameworksBuildPhase;
			buildActionMask = 2147483647;
			files = (
			);
			runOnlyForDeploymentPostprocessing = 0;
		};
/* End PBXFrameworksBuildPhase section */

/* Begin PBXGroup section */
		272B58F319F8F5F3005D7F36 = {
			isa = PBXGroup;
			children = (
				272B58FE19F8F5F3005D7F36 /* adv-WEEK2-mission */,
				272B591819F8F5F3005D7F36 /* adv-WEEK2-missionTests */,
				272B58FD19F8F5F3005D7F36 /* Products */,
			);
			sourceTree = "<group>";
		};
		272B58FD19F8F5F3005D7F36 /* Products */ = {
			isa = PBXGroup;
			children = (
				272B58FC19F8F5F3005D7F36 /* adv-WEEK2-mission.app */,
				272B591519F8F5F3005D7F36 /* adv-WEEK2-missionTests.xctest */,
			);
			name = Products;
			sourceTree = "<group>";
		};
		272B58FE19F8F5F3005D7F36 /* adv-WEEK2-mission */ = {
			isa = PBXGroup;
			children = (
				272B590319F8F5F3005D7F36 /* AppDelegate.h */,
				272B590419F8F5F3005D7F36 /* AppDelegate.m */,
				272B590619F8F5F3005D7F36 /* ViewController.h */,
				272B590719F8F5F3005D7F36 /* ViewController.m */,
				272B590919F8F5F3005D7F36 /* Main.storyboard */,
				272B590C19F8F5F3005D7F36 /* Images.xcassets */,
				272B590E19F8F5F3005D7F36 /* LaunchScreen.xib */,
				272B58FF19F8F5F3005D7F36 /* Supporting Files */,
			);
			path = "adv-WEEK2-mission";
			sourceTree = "<group>";
		};
		272B58FF19F8F5F3005D7F36 /* Supporting Files */ = {
			isa = PBXGroup;
			children = (
				272B590019F8F5F3005D7F36 /* Info.plist */,
				272B590119F8F5F3005D7F36 /* main.m */,
			);
			name = "Supporting Files";
			sourceTree = "<group>";
		};
		272B591819F8F5F3005D7F36 /* adv-WEEK2-missionTests */ = {
			isa = PBXGroup;
			children = (
				272B591B19F8F5F3005D7F36 /* adv_WEEK2_missionTests.m */,
				272B591919F8F5F3005D7F36 /* Supporting Files */,
			);
			path = "adv-WEEK2-missionTests";
			sourceTree = "<group>";
		};
		272B591919F8F5F3005D7F36 /* Supporting Files */ = {
			isa = PBXGroup;
			children = (
				272B591A19F8F5F3005D7F36 /* Info.plist */,
			);
			name = "Supporting Files";
			sourceTree = "<group>";
		};
/* End PBXGroup section */

/* Begin PBXNativeTarget section */
		272B58FB19F8F5F3005D7F36 /* adv-WEEK2-mission */ = {
			isa = PBXNativeTarget;
			buildConfigurationList = 272B591F19F8F5F3005D7F36 /* Build configuration list for PBXNativeTarget "adv-WEEK2-mission" */;
			buildPhases = (
				272B58F819F8F5F3005D7F36 /* Sources */,
				272B58F919F8F5F3005D7F36 /* Frameworks */,
				272B58FA19F8F5F3005D7F36 /* Resources */,
			);
			buildRules = (
			);
			dependencies = (
			);
			name = "adv-WEEK2-mission";
			productName = "adv-WEEK2-mission";
			productReference = 272B58FC19F8F5F3005D7F36 /* adv-WEEK2-mission.app */;
			productType = "com.apple.product-type.application";
		};
		272B591419F8F5F3005D7F36 /* adv-WEEK2-missionTests */ = {
			isa = PBXNativeTarget;
			buildConfigurationList = 272B592219F8F5F3005D7F36 /* Build configuration list for PBXNativeTarget "adv-WEEK2-missionTests" */;
			buildPhases = (
				272B591119F8F5F3005D7F36 /* Sources */,
				272B591219F8F5F3005D7F36 /* Frameworks */,
				272B591319F8F5F3005D7F36 /* Resources */,
			);
			buildRules = (
			);
			dependencies = (
				272B591719F8F5F3005D7F36 /* PBXTargetDependency */,
			);
			name = "adv-WEEK2-missionTests";
			productName = "adv-WEEK2-missionTests";
			productReference = 272B591519F8F5F3005D7F36 /* adv-WEEK2-missionTests.xctest */;
			productType = "com.apple.product-type.bundle.unit-test";
		};
/* End PBXNativeTarget section */

/* Begin PBXProject section */
		272B58F419F8F5F3005D7F36 /* Project object */ = {
			isa = PBXProject;
			attributes = {
				LastUpgradeCheck = 0600;
				ORGANIZATIONNAME = NEXT;
				TargetAttributes = {
					272B58FB19F8F5F3005D7F36 = {
						CreatedOnToolsVersion = 6.0.1;
					};
					272B591419F8F5F3005D7F36 = {
						CreatedOnToolsVersion = 6.0.1;
						TestTargetID = 272B58FB19F8F5F3005D7F36;
					};
				};
			};
			buildConfigurationList = 272B58F719F8F5F3005D7F36 /* Build configuration list for PBXProject "adv-WEEK2-mission" */;
			compatibilityVersion = "Xcode 3.2";
			developmentRegion = English;
			hasScannedForEncodings = 0;
			knownRegions = (
				en,
				Base,
			);
			mainGroup = 272B58F319F8F5F3005D7F36;
			productRefGroup = 272B58FD19F8F5F3005D7F36 /* Products */;
			projectDirPath = "";
			projectRoot = "";
			targets = (
				272B58FB19F8F5F3005D7F36 /* adv-WEEK2-mission */,
				272B591419F8F5F3005D7F36 /* adv-WEEK2-missionTests */,
			);
		};
/* End PBXProject section */

/* Begin PBXResourcesBuildPhase section */
		272B58FA19F8F5F3005D7F36 /* Resources */ = {
			isa = PBXResourcesBuildPhase;
			buildActionMask = 2147483647;
			files = (
				272B590B19F8F5F3005D7F36 /* Main.storyboard in Resources */,
				272B591019F8F5F3005D7F36 /* LaunchScreen.xib in Resources */,
				272B590D19F8F5F3005D7F36 /* Images.xcassets in Resources */,
			);
			runOnlyForDeploymentPostprocessing = 0;
		};
		272B591319F8F5F3005D7F36 /* Resources */ = {
			isa = PBXResourcesBuildPhase;
			buildActionMask = 2147483647;
			files = (
			);
			runOnlyForDeploymentPostprocessing = 0;
		};
/* End PBXResourcesBuildPhase section */

/* Begin PBXSourcesBuildPhase section */
		272B58F819F8F5F3005D7F36 /* Sources */ = {
			isa = PBXSourcesBuildPhase;
			buildActionMask = 2147483647;
			files = (
				272B590819F8F5F3005D7F36 /* ViewController.m in Sources */,
				272B590519F8F5F3005D7F36 /* AppDelegate.m in Sources */,
				272B590219F8F5F3005D7F36 /* main.m in Sources */,
			);
			runOnlyForDeploymentPostprocessing = 0;
		};
		272B591119F8F5F3005D7F36 /* Sources */ = {
			isa = PBXSourcesBuildPhase;
			buildActionMask = 2147483647;
			files = (
				272B591C19F8F5F3005D7F36 /* adv_WEEK2_missionTests.m in Sources */,
			);
			runOnlyForDeploymentPostprocessing = 0;
		};
/* End PBXSourcesBuildPhase section */

/* Begin PBXTargetDependency section */
		272B591719F8F5F3005D7F36 /* PBXTargetDependency */ = {
			isa = PBXTargetDependency;
			target = 272B58FB19F8F5F3005D7F36 /* adv-WEEK2-mission */;
			targetProxy = 272B591619F8F5F3005D7F36 /* PBXContainerItemProxy */;
		};
/* End PBXTargetDependency section */

/* Begin PBXVariantGroup section */
		272B590919F8F5F3005D7F36 /* Main.storyboard */ = {
			isa = PBXVariantGroup;
			children = (
				272B590A19F8F5F3005D7F36 /* Base */,
			);
			name = Main.storyboard;
			sourceTree = "<group>";
		};
		272B590E19F8F5F3005D7F36 /* LaunchScreen.xib */ = {
			isa = PBXVariantGroup;
			children = (
				272B590F19F8F5F3005D7F36 /* Base */,
			);
			name = LaunchScreen.xib;
			sourceTree = "<group>";
		};
/* End PBXVariantGroup section */

/* Begin XCBuildConfiguration section */
		272B591D19F8F5F3005D7F36 /* Debug */ = {
			isa = XCBuildConfiguration;
			buildSettings = {
				ALWAYS_SEARCH_USER_PATHS = NO;
				CLANG_CXX_LANGUAGE_STANDARD = "gnu++0x";
				CLANG_CXX_LIBRARY = "libc++";
				CLANG_ENABLE_MODULES = YES;
				CLANG_ENABLE_OBJC_ARC = YES;
				CLANG_WARN_BOOL_CONVERSION = YES;
				CLANG_WARN_CONSTANT_CONVERSION = YES;
				CLANG_WARN_DIRECT_OBJC_ISA_USAGE = YES_ERROR;
				CLANG_WARN_EMPTY_BODY = YES;
				CLANG_WARN_ENUM_CONVERSION = YES;
				CLANG_WARN_INT_CONVERSION = YES;
				CLANG_WARN_OBJC_ROOT_CLASS = YES_ERROR;
				CLANG_WARN_UNREACHABLE_CODE = YES;
				CLANG_WARN__DUPLICATE_METHOD_MATCH = YES;
				"CODE_SIGN_IDENTITY[sdk=iphoneos*]" = "iPhone Developer";
				COPY_PHASE_STRIP = NO;
				ENABLE_STRICT_OBJC_MSGSEND = YES;
				GCC_C_LANGUAGE_STANDARD = gnu99;
				GCC_DYNAMIC_NO_PIC = NO;
				GCC_OPTIMIZATION_LEVEL = 0;
				GCC_PREPROCESSOR_DEFINITIONS = (
					"DEBUG=1",
					"$(inherited)",
				);
				GCC_SYMBOLS_PRIVATE_EXTERN = NO;
				GCC_WARN_64_TO_32_BIT_CONVERSION = YES;
				GCC_WARN_ABOUT_RETURN_TYPE = YES_ERROR;
				GCC_WARN_UNDECLARED_SELECTOR = YES;
				GCC_WARN_UNINITIALIZED_AUTOS = YES_AGGRESSIVE;
				GCC_WARN_UNUSED_FUNCTION = YES;
				GCC_WARN_UNUSED_VARIABLE = YES;
				IPHONEOS_DEPLOYMENT_TARGET = 8.0;
				MTL_ENABLE_DEBUG_INFO = YES;
				ONLY_ACTIVE_ARCH = YES;
				SDKROOT = iphoneos;
				TARGETED_DEVICE_FAMILY = "1,2";
			};
			name = Debug;
		};
		272B591E19F8F5F3005D7F36 /* Release */ = {
			isa = XCBuildConfiguration;
			buildSettings = {
				ALWAYS_SEARCH_USER_PATHS = NO;
				CLANG_CXX_LANGUAGE_STANDARD = "gnu++0x";
				CLANG_CXX_LIBRARY = "libc++";
				CLANG_ENABLE_MODULES = YES;
				CLANG_ENABLE_OBJC_ARC = YES;
				CLANG_WARN_BOOL_CONVERSION = YES;
				CLANG_WARN_CONSTANT_CONVERSION = YES;
				CLANG_WARN_DIRECT_OBJC_ISA_USAGE = YES_ERROR;
				CLANG_WARN_EMPTY_BODY = YES;
				CLANG_WARN_ENUM_CONVERSION = YES;
				CLANG_WARN_INT_CONVERSION = YES;
				CLANG_WARN_OBJC_ROOT_CLASS = YES_ERROR;
				CLANG_WARN_UNREACHABLE_CODE = YES;
				CLANG_WARN__DUPLICATE_METHOD_MATCH = YES;
				"CODE_SIGN_IDENTITY[sdk=iphoneos*]" = "iPhone Developer";
				COPY_PHASE_STRIP = YES;
				ENABLE_NS_ASSERTIONS = NO;
				ENABLE_STRICT_OBJC_MSGSEND = YES;
				GCC_C_LANGUAGE_STANDARD = gnu99;
				GCC_WARN_64_TO_32_BIT_CONVERSION = YES;
				GCC_WARN_ABOUT_RETURN_TYPE = YES_ERROR;
				GCC_WARN_UNDECLARED_SELECTOR = YES;
				GCC_WARN_UNINITIALIZED_AUTOS = YES_AGGRESSIVE;
				GCC_WARN_UNUSED_FUNCTION = YES;
				GCC_WARN_UNUSED_VARIABLE = YES;
				IPHONEOS_DEPLOYMENT_TARGET = 8.0;
				MTL_ENABLE_DEBUG_INFO = NO;
				SDKROOT = iphoneos;
				TARGETED_DEVICE_FAMILY = "1,2";
				VALIDATE_PRODUCT = YES;
			};
			name = Release;
		};
		272B592019F8F5F3005D7F36 /* Debug */ = {
			isa = XCBuildConfiguration;
			buildSettings = {
				ASSETCATALOG_COMPILER_APPICON_NAME = AppIcon;
				INFOPLIST_FILE = "adv-WEEK2-mission/Info.plist";
				LD_RUNPATH_SEARCH_PATHS = "$(inherited) @executable_path/Frameworks";
				PRODUCT_NAME = "$(TARGET_NAME)";
			};
			name = Debug;
		};
		272B592119F8F5F3005D7F36 /* Release */ = {
			isa = XCBuildConfiguration;
			buildSettings = {
				ASSETCATALOG_COMPILER_APPICON_NAME = AppIcon;
				INFOPLIST_FILE = "adv-WEEK2-mission/Info.plist";
				LD_RUNPATH_SEARCH_PATHS = "$(inherited) @executable_path/Frameworks";
				PRODUCT_NAME = "$(TARGET_NAME)";
			};
			name = Release;
		};
		272B592319F8F5F3005D7F36 /* Debug */ = {
			isa = XCBuildConfiguration;
			buildSettings = {
				BUNDLE_LOADER = "$(TEST_HOST)";
				FRAMEWORK_SEARCH_PATHS = (
					"$(SDKROOT)/Developer/Library/Frameworks",
					"$(inherited)",
				);
				GCC_PREPROCESSOR_DEFINITIONS = (
					"DEBUG=1",
					"$(inherited)",
				);
				INFOPLIST_FILE = "adv-WEEK2-missionTests/Info.plist";
				LD_RUNPATH_SEARCH_PATHS = "$(inherited) @executable_path/Frameworks @loader_path/Frameworks";
				PRODUCT_NAME = "$(TARGET_NAME)";
				TEST_HOST = "$(BUILT_PRODUCTS_DIR)/adv-WEEK2-mission.app/adv-WEEK2-mission";
			};
			name = Debug;
		};
		272B592419F8F5F3005D7F36 /* Release */ = {
			isa = XCBuildConfiguration;
			buildSettings = {
				BUNDLE_LOADER = "$(TEST_HOST)";
				FRAMEWORK_SEARCH_PATHS = (
					"$(SDKROOT)/Developer/Library/Frameworks",
					"$(inherited)",
				);
				INFOPLIST_FILE = "adv-WEEK2-missionTests/Info.plist";
				LD_RUNPATH_SEARCH_PATHS = "$(inherited) @executable_path/Frameworks @loader_path/Frameworks";
				PRODUCT_NAME = "$(TARGET_NAME)";
				TEST_HOST = "$(BUILT_PRODUCTS_DIR)/adv-WEEK2-mission.app/adv-WEEK2-mission";
			};
			name = Release;
		};
/* End XCBuildConfiguration section */

/* Begin XCConfigurationList section */
		272B58F719F8F5F3005D7F36 /* Build configuration list for PBXProject "adv-WEEK2-mission" */ = {
			isa = XCConfigurationList;
			buildConfigurations = (
				272B591D19F8F5F3005D7F36 /* Debug */,
				272B591E19F8F5F3005D7F36 /* Release */,
			);
			defaultConfigurationIsVisible = 0;
			defaultConfigurationName = Release;
		};
		272B591F19F8F5F3005D7F36 /* Build configuration list for PBXNativeTarget "adv-WEEK2-mission" */ = {
			isa = XCConfigurationList;
			buildConfigurations = (
				272B592019F8F5F3005D7F36 /* Debug */,
				272B592119F8F5F3005D7F36 /* Release */,
			);
			defaultConfigurationIsVisible = 0;
		};
		272B592219F8F5F3005D7F36 /* Build configuration list for PBXNativeTarget "adv-WEEK2-missionTests" */ = {
			isa = XCConfigurationList;
			buildConfigurations = (
				272B592319F8F5F3005D7F36 /* Debug */,
				272B592419F8F5F3005D7F36 /* Release */,
			);
			defaultConfigurationIsVisible = 0;
		};
/* End XCConfigurationList section */
	};
	rootObject = 272B58F419F8F5F3005D7F36 /* Project object */;
}
